// !$*UTF8*$!
{
	archiveVersion = 1;
	classes = {
	};
	objectVersion = 56;
	objects = {

/* Begin PBXBuildFile section */
		1BFDC1BA29ECFAAF00B1B0A0 /* chatappLearnApp.swift in Sources */ = {isa = PBXBuildFile; fileRef = 1BFDC1B929ECFAAF00B1B0A0 /* chatappLearnApp.swift */; };
		1BFDC1BC29ECFAAF00B1B0A0 /* ContentView.swift in Sources */ = {isa = PBXBuildFile; fileRef = 1BFDC1BB29ECFAAF00B1B0A0 /* ContentView.swift */; };
		1BFDC1BE29ECFAB100B1B0A0 /* Assets.xcassets in Resources */ = {isa = PBXBuildFile; fileRef = 1BFDC1BD29ECFAB100B1B0A0 /* Assets.xcassets */; };
		1BFDC1C129ECFAB100B1B0A0 /* Preview Assets.xcassets in Resources */ = {isa = PBXBuildFile; fileRef = 1BFDC1C029ECFAB100B1B0A0 /* Preview Assets.xcassets */; };
		1BFDC1C829ECFACC00B1B0A0 /* ChatBubble.swift in Sources */ = {isa = PBXBuildFile; fileRef = 1BFDC1C729ECFACC00B1B0A0 /* ChatBubble.swift */; };
		1BFDC1CA29ECFC9000B1B0A0 /* CustomScrollView.swift in Sources */ = {isa = PBXBuildFile; fileRef = 1BFDC1C929ECFC9000B1B0A0 /* CustomScrollView.swift */; };
		1BFDC1CC29ED001000B1B0A0 /* Chat.swift in Sources */ = {isa = PBXBuildFile; fileRef = 1BFDC1CB29ED001000B1B0A0 /* Chat.swift */; };
		1BFDC1CE29EDA29D00B1B0A0 /* ChatList.swift in Sources */ = {isa = PBXBuildFile; fileRef = 1BFDC1CD29EDA29D00B1B0A0 /* ChatList.swift */; };
/* End PBXBuildFile section */

/* Begin PBXFileReference section */
		1BFDC1B629ECFAAF00B1B0A0 /* chatappLearn.app */ = {isa = PBXFileReference; explicitFileType = wrapper.application; includeInIndex = 0; path = chatappLearn.app; sourceTree = BUILT_PRODUCTS_DIR; };
		1BFDC1B929ECFAAF00B1B0A0 /* chatappLearnApp.swift */ = {isa = PBXFileReference; lastKnownFileType = sourcecode.swift; path = chatappLearnApp.swift; sourceTree = "<group>"; };
		1BFDC1BB29ECFAAF00B1B0A0 /* ContentView.swift */ = {isa = PBXFileReference; lastKnownFileType = sourcecode.swift; path = ContentView.swift; sourceTree = "<group>"; };
		1BFDC1BD29ECFAB100B1B0A0 /* Assets.xcassets */ = {isa = PBXFileReference; lastKnownFileType = folder.assetcatalog; path = Assets.xcassets; sourceTree = "<group>"; };
		1BFDC1C029ECFAB100B1B0A0 /* Preview Assets.xcassets */ = {isa = PBXFileReference; lastKnownFileType = folder.assetcatalog; path = "Preview Assets.xcassets"; sourceTree = "<group>"; };
		1BFDC1C729ECFACC00B1B0A0 /* ChatBubble.swift */ = {isa = PBXFileReference; lastKnownFileType = sourcecode.swift; path = ChatBubble.swift; sourceTree = "<group>"; };
		1BFDC1C929ECFC9000B1B0A0 /* CustomScrollView.swift */ = {isa = PBXFileReference; lastKnownFileType = sourcecode.swift; path = CustomScrollView.swift; sourceTree = "<group>"; };
		1BFDC1CB29ED001000B1B0A0 /* Chat.swift */ = {isa = PBXFileReference; lastKnownFileType = sourcecode.swift; path = Chat.swift; sourceTree = "<group>"; };
		1BFDC1CD29EDA29D00B1B0A0 /* ChatList.swift */ = {isa = PBXFileReference; lastKnownFileType = sourcecode.swift; path = ChatList.swift; sourceTree = "<group>"; };
/* End PBXFileReference section */

/* Begin PBXFrameworksBuildPhase section */
		1BFDC1B329ECFAAF00B1B0A0 /* Frameworks */ = {
			isa = PBXFrameworksBuildPhase;
			buildActionMask = 2147483647;
			files = (
			);
			runOnlyForDeploymentPostprocessing = 0;
		};
/* End PBXFrameworksBuildPhase section */

/* Begin PBXGroup section */
		1BFDC1AD29ECFAAF00B1B0A0 = {
			isa = PBXGroup;
			children = (
				1BFDC1B829ECFAAF00B1B0A0 /* chatappLearn */,
				1BFDC1B729ECFAAF00B1B0A0 /* Products */,
			);
			sourceTree = "<group>";
		};
		1BFDC1B729ECFAAF00B1B0A0 /* Products */ = {
			isa = PBXGroup;
			children = (
				1BFDC1B629ECFAAF00B1B0A0 /* chatappLearn.app */,
			);
			name = Products;
			sourceTree = "<group>";
		};
		1BFDC1B829ECFAAF00B1B0A0 /* chatappLearn */ = {
			isa = PBXGroup;
			children = (
				1BFDC1B929ECFAAF00B1B0A0 /* chatappLearnApp.swift */,
				1BFDC1CD29EDA29D00B1B0A0 /* ChatList.swift */,
				1BFDC1BB29ECFAAF00B1B0A0 /* ContentView.swift */,
				1BFDC1CB29ED001000B1B0A0 /* Chat.swift */,
				1BFDC1C729ECFACC00B1B0A0 /* ChatBubble.swift */,
				1BFDC1C929ECFC9000B1B0A0 /* CustomScrollView.swift */,
				1BFDC1BD29ECFAB100B1B0A0 /* Assets.xcassets */,
				1BFDC1BF29ECFAB100B1B0A0 /* Preview Content */,
			);
			path = chatappLearn;
			sourceTree = "<group>";
		};
		1BFDC1BF29ECFAB100B1B0A0 /* Preview Content */ = {
			isa = PBXGroup;
			children = (
				1BFDC1C029ECFAB100B1B0A0 /* Preview Assets.xcassets */,
			);
			path = "Preview Content";
			sourceTree = "<group>";
		};
/* End PBXGroup section */

/* Begin PBXNativeTarget section */
		1BFDC1B529ECFAAF00B1B0A0 /* chatappLearn */ = {
			isa = PBXNativeTarget;
			buildConfigurationList = 1BFDC1C429ECFAB100B1B0A0 /* Build configuration list for PBXNativeTarget "chatappLearn" */;
			buildPhases = (
				1BFDC1B229ECFAAF00B1B0A0 /* Sources */,
				1BFDC1B329ECFAAF00B1B0A0 /* Frameworks */,
				1BFDC1B429ECFAAF00B1B0A0 /* Resources */,
			);
			buildRules = (
			);
			dependencies = (
			);
			name = chatappLearn;
			productName = chatappLearn;
			productReference = 1BFDC1B629ECFAAF00B1B0A0 /* chatappLearn.app */;
			productType = "com.apple.product-type.application";
		};
/* End PBXNativeTarget section */

/* Begin PBXProject section */
		1BFDC1AE29ECFAAF00B1B0A0 /* Project object */ = {
			isa = PBXProject;
			attributes = {
				BuildIndependentTargetsInParallel = 1;
				LastSwiftUpdateCheck = 1430;
				LastUpgradeCheck = 1430;
				TargetAttributes = {
					1BFDC1B529ECFAAF00B1B0A0 = {
						CreatedOnToolsVersion = 14.3;
					};
				};
			};
			buildConfigurationList = 1BFDC1B129ECFAAF00B1B0A0 /* Build configuration list for PBXProject "chatappLearn" */;
			compatibilityVersion = "Xcode 14.0";
			developmentRegion = en;
			hasScannedForEncodings = 0;
			knownRegions = (
				en,
				Base,
			);
			mainGroup = 1BFDC1AD29ECFAAF00B1B0A0;
			productRefGroup = 1BFDC1B729ECFAAF00B1B0A0 /* Products */;
			projectDirPath = "";
			projectRoot = "";
			targets = (
				1BFDC1B529ECFAAF00B1B0A0 /* chatappLearn */,
			);
		};
/* End PBXProject section */

/* Begin PBXResourcesBuildPhase section */
		1BFDC1B429ECFAAF00B1B0A0 /* Resources */ = {
			isa = PBXResourcesBuildPhase;
			buildActionMask = 2147483647;
			files = (
				1BFDC1C129ECFAB100B1B0A0 /* Preview Assets.xcassets in Resources */,
				1BFDC1BE29ECFAB100B1B0A0 /* Assets.xcassets in Resources */,
			);
			runOnlyForDeploymentPostprocessing = 0;
		};
/* End PBXResourcesBuildPhase section */

/* Begin PBXSourcesBuildPhase section */
		1BFDC1B229ECFAAF00B1B0A0 /* Sources */ = {
			isa = PBXSourcesBuildPhase;
			buildActionMask = 2147483647;
			files = (
				1BFDC1BC29ECFAAF00B1B0A0 /* ContentView.swift in Sources */,
				1BFDC1CE29EDA29D00B1B0A0 /* ChatList.swift in Sources */,
				1BFDC1C829ECFACC00B1B0A0 /* ChatBubble.swift in Sources */,
				1BFDC1CA29ECFC9000B1B0A0 /* CustomScrollView.swift in Sources */,
				1BFDC1CC29ED001000B1B0A0 /* Chat.swift in Sources */,
				1BFDC1BA29ECFAAF00B1B0A0 /* chatappLearnApp.swift in Sources */,
			);
			runOnlyForDeploymentPostprocessing = 0;
		};
/* End PBXSourcesBuildPhase section */

/* Begin XCBuildConfiguration section */
		1BFDC1C229ECFAB100B1B0A0 /* Debug */ = {
			isa = XCBuildConfiguration;
			buildSettings = {
				ALWAYS_SEARCH_USER_PATHS = NO;
				CLANG_ANALYZER_NONNULL = YES;
				CLANG_ANALYZER_NUMBER_OBJECT_CONVERSION = YES_AGGRESSIVE;
				CLANG_CXX_LANGUAGE_STANDARD = "gnu++20";
				CLANG_ENABLE_MODULES = YES;
				CLANG_ENABLE_OBJC_ARC = YES;
				CLANG_ENABLE_OBJC_WEAK = YES;
				CLANG_WARN_BLOCK_CAPTURE_AUTORELEASING = YES;
				CLANG_WARN_BOOL_CONVERSION = YES;
				CLANG_WARN_COMMA = YES;
				CLANG_WARN_CONSTANT_CONVERSION = YES;
				CLANG_WARN_DEPRECATED_OBJC_IMPLEMENTATIONS = YES;
				CLANG_WARN_DIRECT_OBJC_ISA_USAGE = YES_ERROR;
				CLANG_WARN_DOCUMENTATION_COMMENTS = YES;
				CLANG_WARN_EMPTY_BODY = YES;
				CLANG_WARN_ENUM_CONVERSION = YES;
				CLANG_WARN_INFINITE_RECURSION = YES;
				CLANG_WARN_INT_CONVERSION = YES;
				CLANG_WARN_NON_LITERAL_NULL_CONVERSION = YES;
				CLANG_WARN_OBJC_IMPLICIT_RETAIN_SELF = YES;
				CLANG_WARN_OBJC_LITERAL_CONVERSION = YES;
				CLANG_WARN_OBJC_ROOT_CLASS = YES_ERROR;
				CLANG_WARN_QUOTED_INCLUDE_IN_FRAMEWORK_HEADER = YES;
				CLANG_WARN_RANGE_LOOP_ANALYSIS = YES;
				CLANG_WARN_STRICT_PROTOTYPES = YES;
				CLANG_WARN_SUSPICIOUS_MOVE = YES;
				CLANG_WARN_UNGUARDED_AVAILABILITY = YES_AGGRESSIVE;
				CLANG_WARN_UNREACHABLE_CODE = YES;
				CLANG_WARN__DUPLICATE_METHOD_MATCH = YES;
				COPY_PHASE_STRIP = NO;
				DEBUG_INFORMATION_FORMAT = dwarf;
				ENABLE_STRICT_OBJC_MSGSEND = YES;
				ENABLE_TESTABILITY = YES;
				GCC_C_LANGUAGE_STANDARD = gnu11;
				GCC_DYNAMIC_NO_PIC = NO;
				GCC_NO_COMMON_BLOCKS = YES;
				GCC_OPTIMIZATION_LEVEL = 0;
				GCC_PREPROCESSOR_DEFINITIONS = (
					"DEBUG=1",
					"$(inherited)",
				);
				GCC_WARN_64_TO_32_BIT_CONVERSION = YES;
				GCC_WARN_ABOUT_RETURN_TYPE = YES_ERROR;
				GCC_WARN_UNDECLARED_SELECTOR = YES;
				GCC_WARN_UNINITIALIZED_AUTOS = YES_AGGRESSIVE;
				GCC_WARN_UNUSED_FUNCTION = YES;
				GCC_WARN_UNUSED_VARIABLE = YES;
				IPHONEOS_DEPLOYMENT_TARGET = 16.4;
				MTL_ENABLE_DEBUG_INFO = INCLUDE_SOURCE;
				MTL_FAST_MATH = YES;
				ONLY_ACTIVE_ARCH = YES;
				SDKROOT = iphoneos;
				SWIFT_ACTIVE_COMPILATION_CONDITIONS = DEBUG;
				SWIFT_OPTIMIZATION_LEVEL = "-Onone";
			};
			name = Debug;
		};
		1BFDC1C329ECFAB100B1B0A0 /* Release */ = {
			isa = XCBuildConfiguration;
			buildSettings = {
				ALWAYS_SEARCH_USER_PATHS = NO;
				CLANG_ANALYZER_NONNULL = YES;
				CLANG_ANALYZER_NUMBER_OBJECT_CONVERSION = YES_AGGRESSIVE;
				CLANG_CXX_LANGUAGE_STANDARD = "gnu++20";
				CLANG_ENABLE_MODULES = YES;
				CLANG_ENABLE_OBJC_ARC = YES;
				CLANG_ENABLE_OBJC_WEAK = YES;
				CLANG_WARN_BLOCK_CAPTURE_AUTORELEASING = YES;
				CLANG_WARN_BOOL_CONVERSION = YES;
				CLANG_WARN_COMMA = YES;
				CLANG_WARN_CONSTANT_CONVERSION = YES;
				CLANG_WARN_DEPRECATED_OBJC_IMPLEMENTATIONS = YES;
				CLANG_WARN_DIRECT_OBJC_ISA_USAGE = YES_ERROR;
				CLANG_WARN_DOCUMENTATION_COMMENTS = YES;
				CLANG_WARN_EMPTY_BODY = YES;
				CLANG_WARN_ENUM_CONVERSION = YES;
				CLANG_WARN_INFINITE_RECURSION = YES;
				CLANG_WARN_INT_CONVERSION = YES;
				CLANG_WARN_NON_LITERAL_NULL_CONVERSION = YES;
				CLANG_WARN_OBJC_IMPLICIT_RETAIN_SELF = YES;
				CLANG_WARN_OBJC_LITERAL_CONVERSION = YES;
				CLANG_WARN_OBJC_ROOT_CLASS = YES_ERROR;
				CLANG_WARN_QUOTED_INCLUDE_IN_FRAMEWORK_HEADER = YES;
				CLANG_WARN_RANGE_LOOP_ANALYSIS = YES;
				CLANG_WARN_STRICT_PROTOTYPES = YES;
				CLANG_WARN_SUSPICIOUS_MOVE = YES;
				CLANG_WARN_UNGUARDED_AVAILABILITY = YES_AGGRESSIVE;
				CLANG_WARN_UNREACHABLE_CODE = YES;
				CLANG_WARN__DUPLICATE_METHOD_MATCH = YES;
				COPY_PHASE_STRIP = NO;
				DEBUG_INFORMATION_FORMAT = "dwarf-with-dsym";
				ENABLE_NS_ASSERTIONS = NO;
				ENABLE_STRICT_OBJC_MSGSEND = YES;
				GCC_C_LANGUAGE_STANDARD = gnu11;
				GCC_NO_COMMON_BLOCKS = YES;
				GCC_WARN_64_TO_32_BIT_CONVERSION = YES;
				GCC_WARN_ABOUT_RETURN_TYPE = YES_ERROR;
				GCC_WARN_UNDECLARED_SELECTOR = YES;
				GCC_WARN_UNINITIALIZED_AUTOS = YES_AGGRESSIVE;
				GCC_WARN_UNUSED_FUNCTION = YES;
				GCC_WARN_UNUSED_VARIABLE = YES;
				IPHONEOS_DEPLOYMENT_TARGET = 16.4;
				MTL_ENABLE_DEBUG_INFO = NO;
				MTL_FAST_MATH = YES;
				SDKROOT = iphoneos;
				SWIFT_COMPILATION_MODE = wholemodule;
				SWIFT_OPTIMIZATION_LEVEL = "-O";
				VALIDATE_PRODUCT = YES;
			};
			name = Release;
		};
		1BFDC1C529ECFAB100B1B0A0 /* Debug */ = {
			isa = XCBuildConfiguration;
			buildSettings = {
				ASSETCATALOG_COMPILER_APPICON_NAME = AppIcon;
				ASSETCATALOG_COMPILER_GLOBAL_ACCENT_COLOR_NAME = AccentColor;
				CODE_SIGN_STYLE = Automatic;
				CURRENT_PROJECT_VERSION = 1;
				DEVELOPMENT_ASSET_PATHS = "\"chatappLearn/Preview Content\"";
				DEVELOPMENT_TEAM = KHN5V927Z7;
				ENABLE_PREVIEWS = YES;
				GENERATE_INFOPLIST_FILE = YES;
				INFOPLIST_KEY_UIApplicationSceneManifest_Generation = YES;
				INFOPLIST_KEY_UIApplicationSupportsIndirectInputEvents = YES;
				INFOPLIST_KEY_UILaunchScreen_Generation = YES;
				INFOPLIST_KEY_UISupportedInterfaceOrientations_iPad = "UIInterfaceOrientationPortrait UIInterfaceOrientationPortraitUpsideDown UIInterfaceOrientationLandscapeLeft UIInterfaceOrientationLandscapeRight";
				INFOPLIST_KEY_UISupportedInterfaceOrientations_iPhone = "UIInterfaceOrientationPortrait UIInterfaceOrientationLandscapeLeft UIInterfaceOrientationLandscapeRight";
				LD_RUNPATH_SEARCH_PATHS = (
					"$(inherited)",
					"@executable_path/Frameworks",
				);
				MARKETING_VERSION = 1.0;
				PRODUCT_BUNDLE_IDENTIFIER = com.especiallynew.chatappLearn;
				PRODUCT_NAME = "$(TARGET_NAME)";
				SWIFT_EMIT_LOC_STRINGS = YES;
				SWIFT_VERSION = 5.0;
				TARGETED_DEVICE_FAMILY = "1,2";
			};
			name = Debug;
		};
		1BFDC1C629ECFAB100B1B0A0 /* Release */ = {
			isa = XCBuildConfiguration;
			buildSettings = {
				ASSETCATALOG_COMPILER_APPICON_NAME = AppIcon;
				ASSETCATALOG_COMPILER_GLOBAL_ACCENT_COLOR_NAME = AccentColor;
				CODE_SIGN_STYLE = Automatic;
				CURRENT_PROJECT_VERSION = 1;
				DEVELOPMENT_ASSET_PATHS = "\"chatappLearn/Preview Content\"";
				DEVELOPMENT_TEAM = KHN5V927Z7;
				ENABLE_PREVIEWS = YES;
				GENERATE_INFOPLIST_FILE = YES;
				INFOPLIST_KEY_UIApplicationSceneManifest_Generation = YES;
				INFOPLIST_KEY_UIApplicationSupportsIndirectInputEvents = YES;
				INFOPLIST_KEY_UILaunchScreen_Generation = YES;
				INFOPLIST_KEY_UISupportedInterfaceOrientations_iPad = "UIInterfaceOrientationPortrait UIInterfaceOrientationPortraitUpsideDown UIInterfaceOrientationLandscapeLeft UIInterfaceOrientationLandscapeRight";
				INFOPLIST_KEY_UISupportedInterfaceOrientations_iPhone = "UIInterfaceOrientationPortrait UIInterfaceOrientationLandscapeLeft UIInterfaceOrientationLandscapeRight";
				LD_RUNPATH_SEARCH_PATHS = (
					"$(inherited)",
					"@executable_path/Frameworks",
				);
				MARKETING_VERSION = 1.0;
				PRODUCT_BUNDLE_IDENTIFIER = com.especiallynew.chatappLearn;
				PRODUCT_NAME = "$(TARGET_NAME)";
				SWIFT_EMIT_LOC_STRINGS = YES;
				SWIFT_VERSION = 5.0;
				TARGETED_DEVICE_FAMILY = "1,2";
			};
			name = Release;
		};
/* End XCBuildConfiguration section */

/* Begin XCConfigurationList section */
		1BFDC1B129ECFAAF00B1B0A0 /* Build configuration list for PBXProject "chatappLearn" */ = {
			isa = XCConfigurationList;
			buildConfigurations = (
				1BFDC1C229ECFAB100B1B0A0 /* Debug */,
				1BFDC1C329ECFAB100B1B0A0 /* Release */,
			);
			defaultConfigurationIsVisible = 0;
			defaultConfigurationName = Release;
		};
		1BFDC1C429ECFAB100B1B0A0 /* Build configuration list for PBXNativeTarget "chatappLearn" */ = {
			isa = XCConfigurationList;
			buildConfigurations = (
				1BFDC1C529ECFAB100B1B0A0 /* Debug */,
				1BFDC1C629ECFAB100B1B0A0 /* Release */,
			);
			defaultConfigurationIsVisible = 0;
			defaultConfigurationName = Release;
		};
/* End XCConfigurationList section */
	};
	rootObject = 1BFDC1AE29ECFAAF00B1B0A0 /* Project object */;
}
